
Microsoft Visual Studio Solution File, Format Version 12.00
# Visual Studio 2012
Project("{FAE04EC0-301F-11D3-BF4B-00C04F79EFBC}") = "XStream.Phone", "XStream.Phone\XStream.Phone.csproj", "{43A99E4D-7409-4724-9632-04E8F3F84C17}"
EndProject
Project("{2150E333-8FDC-42A3-9474-1A3956D46DE8}") = ".nuget", ".nuget", "{E1175C73-FD59-4154-8875-C2EAB4119374}"
	ProjectSection(SolutionItems) = preProject
		.nuget\NuGet.Config = .nuget\NuGet.Config
		.nuget\NuGet.exe = .nuget\NuGet.exe
		.nuget\NuGet.targets = .nuget\NuGet.targets
	EndProjectSection
EndProject
Project("{888888A0-9F3D-457C-B088-3A5042F75D52}") = "XStream.Web", "XStream.Web\XStream.Web.pyproj", "{D35D8E91-B3F2-4E4A-81C1-E626AB4B3E4D}"
EndProject
Global
	GlobalSection(TeamFoundationVersionControl) = preSolution
		SccNumberOfProjects = 3
		SccEnterpriseProvider = {4CA58AB2-18FA-4F8D-95D4-32DDF27D184C}
		SccTeamFoundationServer = https://cglong.visualstudio.com/defaultcollection
		SccLocalPath0 = .
		SccProjectUniqueName1 = XStream.Phone\\XStream.Phone.csproj
		SccProjectName1 = XStream.Phone
		SccLocalPath1 = XStream.Phone
		SccProjectUniqueName2 = XStream.Web\\XStream.Web.pyproj
		SccProjectName2 = XStream.Web
		SccLocalPath2 = XStream.Web
	EndGlobalSection
	GlobalSection(SolutionConfigurationPlatforms) = preSolution
		Debug|Any CPU = Debug|Any CPU
		Release|Any CPU = Release|Any CPU
	EndGlobalSection
	GlobalSection(ProjectConfigurationPlatforms) = postSolution
		{43A99E4D-7409-4724-9632-04E8F3F84C17}.Debug|Any CPU.ActiveCfg = Debug|Any CPU
		{43A99E4D-7409-4724-9632-04E8F3F84C17}.Debug|Any CPU.Build.0 = Debug|Any CPU
		{43A99E4D-7409-4724-9632-04E8F3F84C17}.Debug|Any CPU.Deploy.0 = Debug|Any CPU
		{43A99E4D-7409-4724-9632-04E8F3F84C17}.Release|Any CPU.ActiveCfg = Release|Any CPU
		{43A99E4D-7409-4724-9632-04E8F3F84C17}.Release|Any CPU.Build.0 = Release|Any CPU
		{43A99E4D-7409-4724-9632-04E8F3F84C17}.Release|Any CPU.Deploy.0 = Release|Any CPU
		{D35D8E91-B3F2-4E4A-81C1-E626AB4B3E4D}.Debug|Any CPU.ActiveCfg = Debug|Any CPU
		{D35D8E91-B3F2-4E4A-81C1-E626AB4B3E4D}.Debug|Any CPU.Build.0 = Debug|Any CPU
		{D35D8E91-B3F2-4E4A-81C1-E626AB4B3E4D}.Release|Any CPU.ActiveCfg = Release|Any CPU
		{D35D8E91-B3F2-4E4A-81C1-E626AB4B3E4D}.Release|Any CPU.Build.0 = Release|Any CPU
	EndGlobalSection
	GlobalSection(SolutionProperties) = preSolution
		HideSolutionNode = FALSE
	EndGlobalSection
EndGlobal
